
Microsoft Visual Studio Solution File, Format Version 12.00
# Visual Studio Version 16
VisualStudioVersion = 16.0.29319.158
MinimumVisualStudioVersion = 10.0.40219.1
Project("{9A19103F-16F7-4668-BE54-9A1E7A4F7556}") = "DiscordBot", "DiscordBot\DiscordBot.csproj", "{81F84B87-A17F-4581-9E83-7965A92104F9}"
EndProject
Project("{9A19103F-16F7-4668-BE54-9A1E7A4F7556}") = "DiscordGateway", "DiscordGateway\DiscordGateway.csproj", "{7499EF6A-D23B-4703-A67D-D6D16959522D}"
EndProject
Project("{2150E333-8FDC-42A3-9474-1A3956D46DE8}") = "Solution Items", "Solution Items", "{C2F22713-7201-4EC4-A34F-CABE1612F0FE}"
	ProjectSection(SolutionItems) = preProject
		LICENSE.txt = LICENSE.txt
		README.md = README.md
	EndProjectSection
EndProject
Global
	GlobalSection(SolutionConfigurationPlatforms) = preSolution
		Debug|Any CPU = Debug|Any CPU
		Release|Any CPU = Release|Any CPU
	EndGlobalSection
	GlobalSection(ProjectConfigurationPlatforms) = postSolution
		{81F84B87-A17F-4581-9E83-7965A92104F9}.Debug|Any CPU.ActiveCfg = Debug|Any CPU
		{81F84B87-A17F-4581-9E83-7965A92104F9}.Debug|Any CPU.Build.0 = Debug|Any CPU
		{81F84B87-A17F-4581-9E83-7965A92104F9}.Release|Any CPU.ActiveCfg = Release|Any CPU
		{81F84B87-A17F-4581-9E83-7965A92104F9}.Release|Any CPU.Build.0 = Release|Any CPU
		{7499EF6A-D23B-4703-A67D-D6D16959522D}.Debug|Any CPU.ActiveCfg = Debug|Any CPU
		{7499EF6A-D23B-4703-A67D-D6D16959522D}.Debug|Any CPU.Build.0 = Debug|Any CPU
		{7499EF6A-D23B-4703-A67D-D6D16959522D}.Release|Any CPU.ActiveCfg = Release|Any CPU
		{7499EF6A-D23B-4703-A67D-D6D16959522D}.Release|Any CPU.Build.0 = Release|Any CPU
	EndGlobalSection
	GlobalSection(SolutionProperties) = preSolution
		HideSolutionNode = FALSE
	EndGlobalSection
	GlobalSection(ExtensibilityGlobals) = postSolution
		SolutionGuid = {383CE5E3-4264-4382-9DDF-9F8E55E6662F}
	EndGlobalSection
EndGlobal
